// !$*UTF8*$!
{
	archiveVersion = 1;
	classes = {
	};
	objectVersion = 77;
	objects = {

/* Begin PBXBuildFile section */
		0FC2BD1B2DBC299C00D21EA7 /* README.md in Resources */ = {isa = PBXBuildFile; fileRef = 0FC2BD1A2DBC299500D21EA7 /* README.md */; };
/* End PBXBuildFile section */

/* Begin PBXContainerItemProxy section */
		0FC2BCDC2DBC0DA100D21EA7 /* PBXContainerItemProxy */ = {
			isa = PBXContainerItemProxy;
			containerPortal = 0FC2BCC22DBC0D9F00D21EA7 /* Project object */;
			proxyType = 1;
			remoteGlobalIDString = 0FC2BCC92DBC0D9F00D21EA7;
			remoteInfo = UniTimeTracker;
		};
		0FC2BCE62DBC0DA100D21EA7 /* PBXContainerItemProxy */ = {
			isa = PBXContainerItemProxy;
			containerPortal = 0FC2BCC22DBC0D9F00D21EA7 /* Project object */;
			proxyType = 1;
			remoteGlobalIDString = 0FC2BCC92DBC0D9F00D21EA7;
			remoteInfo = UniTimeTracker;
		};
/* End PBXContainerItemProxy section */

/* Begin PBXFileReference section */
		0FC2BCCA2DBC0D9F00D21EA7 /* UniTimeTracker.app */ = {isa = PBXFileReference; explicitFileType = wrapper.application; includeInIndex = 0; path = UniTimeTracker.app; sourceTree = BUILT_PRODUCTS_DIR; };
		0FC2BCDB2DBC0DA100D21EA7 /* UniTimeTrackerTests.xctest */ = {isa = PBXFileReference; explicitFileType = wrapper.cfbundle; includeInIndex = 0; path = UniTimeTrackerTests.xctest; sourceTree = BUILT_PRODUCTS_DIR; };
		0FC2BCE52DBC0DA100D21EA7 /* UniTimeTrackerUITests.xctest */ = {isa = PBXFileReference; explicitFileType = wrapper.cfbundle; includeInIndex = 0; path = UniTimeTrackerUITests.xctest; sourceTree = BUILT_PRODUCTS_DIR; };
		0FC2BD1A2DBC299500D21EA7 /* README.md */ = {isa = PBXFileReference; lastKnownFileType = net.daringfireball.markdown; path = README.md; sourceTree = "<group>"; };
/* End PBXFileReference section */

/* Begin PBXFileSystemSynchronizedBuildFileExceptionSet section */
		0FC2BCED2DBC0DA100D21EA7 /* Exceptions for "UniTimeTracker" folder in "UniTimeTracker" target */ = {
			isa = PBXFileSystemSynchronizedBuildFileExceptionSet;
			membershipExceptions = (
				Info.plist,
			);
			target = 0FC2BCC92DBC0D9F00D21EA7 /* UniTimeTracker */;
		};
/* End PBXFileSystemSynchronizedBuildFileExceptionSet section */

/* Begin PBXFileSystemSynchronizedRootGroup section */
		0FC2BCCC2DBC0D9F00D21EA7 /* UniTimeTracker */ = {
			isa = PBXFileSystemSynchronizedRootGroup;
			exceptions = (
				0FC2BCED2DBC0DA100D21EA7 /* Exceptions for "UniTimeTracker" folder in "UniTimeTracker" target */,
			);
			path = UniTimeTracker;
			sourceTree = "<group>";
		};
		0FC2BCDE2DBC0DA100D21EA7 /* UniTimeTrackerTests */ = {
			isa = PBXFileSystemSynchronizedRootGroup;
			path = UniTimeTrackerTests;
			sourceTree = "<group>";
		};
		0FC2BCE82DBC0DA100D21EA7 /* UniTimeTrackerUITests */ = {
			isa = PBXFileSystemSynchronizedRootGroup;
			path = UniTimeTrackerUITests;
			sourceTree = "<group>";
		};
/* End PBXFileSystemSynchronizedRootGroup section */

/* Begin PBXFrameworksBuildPhase section */
		0FC2BCC72DBC0D9F00D21EA7 /* Frameworks */ = {
			isa = PBXFrameworksBuildPhase;
			buildActionMask = 2147483647;
			files = (
			);
			runOnlyForDeploymentPostprocessing = 0;
		};
		0FC2BCD82DBC0DA100D21EA7 /* Frameworks */ = {
			isa = PBXFrameworksBuildPhase;
			buildActionMask = 2147483647;
			files = (
			);
			runOnlyForDeploymentPostprocessing = 0;
		};
		0FC2BCE22DBC0DA100D21EA7 /* Frameworks */ = {
			isa = PBXFrameworksBuildPhase;
			buildActionMask = 2147483647;
			files = (
			);
			runOnlyForDeploymentPostprocessing = 0;
		};
/* End PBXFrameworksBuildPhase section */

/* Begin PBXGroup section */
		0FC2BCC12DBC0D9F00D21EA7 = {
			isa = PBXGroup;
			children = (
				0FC2BD1A2DBC299500D21EA7 /* README.md */,
				0FC2BCCC2DBC0D9F00D21EA7 /* UniTimeTracker */,
				0FC2BCDE2DBC0DA100D21EA7 /* UniTimeTrackerTests */,
				0FC2BCE82DBC0DA100D21EA7 /* UniTimeTrackerUITests */,
				0FC2BCCB2DBC0D9F00D21EA7 /* Products */,
			);
			sourceTree = "<group>";
		};
		0FC2BCCB2DBC0D9F00D21EA7 /* Products */ = {
			isa = PBXGroup;
			children = (
				0FC2BCCA2DBC0D9F00D21EA7 /* UniTimeTracker.app */,
				0FC2BCDB2DBC0DA100D21EA7 /* UniTimeTrackerTests.xctest */,
				0FC2BCE52DBC0DA100D21EA7 /* UniTimeTrackerUITests.xctest */,
			);
			name = Products;
			sourceTree = "<group>";
		};
/* End PBXGroup section */

/* Begin PBXNativeTarget section */
		0FC2BCC92DBC0D9F00D21EA7 /* UniTimeTracker */ = {
			isa = PBXNativeTarget;
			buildConfigurationList = 0FC2BCEE2DBC0DA100D21EA7 /* Build configuration list for PBXNativeTarget "UniTimeTracker" */;
			buildPhases = (
				0FC2BCC62DBC0D9F00D21EA7 /* Sources */,
				0FC2BCC72DBC0D9F00D21EA7 /* Frameworks */,
				0FC2BCC82DBC0D9F00D21EA7 /* Resources */,
			);
			buildRules = (
			);
			dependencies = (
			);
			fileSystemSynchronizedGroups = (
				0FC2BCCC2DBC0D9F00D21EA7 /* UniTimeTracker */,
			);
			name = UniTimeTracker;
			packageProductDependencies = (
			);
			productName = UniTimeTracker;
			productReference = 0FC2BCCA2DBC0D9F00D21EA7 /* UniTimeTracker.app */;
			productType = "com.apple.product-type.application";
		};
		0FC2BCDA2DBC0DA100D21EA7 /* UniTimeTrackerTests */ = {
			isa = PBXNativeTarget;
			buildConfigurationList = 0FC2BCF32DBC0DA100D21EA7 /* Build configuration list for PBXNativeTarget "UniTimeTrackerTests" */;
			buildPhases = (
				0FC2BCD72DBC0DA100D21EA7 /* Sources */,
				0FC2BCD82DBC0DA100D21EA7 /* Frameworks */,
				0FC2BCD92DBC0DA100D21EA7 /* Resources */,
			);
			buildRules = (
			);
			dependencies = (
				0FC2BCDD2DBC0DA100D21EA7 /* PBXTargetDependency */,
			);
			fileSystemSynchronizedGroups = (
				0FC2BCDE2DBC0DA100D21EA7 /* UniTimeTrackerTests */,
			);
			name = UniTimeTrackerTests;
			packageProductDependencies = (
			);
			productName = UniTimeTrackerTests;
			productReference = 0FC2BCDB2DBC0DA100D21EA7 /* UniTimeTrackerTests.xctest */;
			productType = "com.apple.product-type.bundle.unit-test";
		};
		0FC2BCE42DBC0DA100D21EA7 /* UniTimeTrackerUITests */ = {
			isa = PBXNativeTarget;
			buildConfigurationList = 0FC2BCF62DBC0DA100D21EA7 /* Build configuration list for PBXNativeTarget "UniTimeTrackerUITests" */;
			buildPhases = (
				0FC2BCE12DBC0DA100D21EA7 /* Sources */,
				0FC2BCE22DBC0DA100D21EA7 /* Frameworks */,
				0FC2BCE32DBC0DA100D21EA7 /* Resources */,
			);
			buildRules = (
			);
			dependencies = (
				0FC2BCE72DBC0DA100D21EA7 /* PBXTargetDependency */,
			);
			fileSystemSynchronizedGroups = (
				0FC2BCE82DBC0DA100D21EA7 /* UniTimeTrackerUITests */,
			);
			name = UniTimeTrackerUITests;
			packageProductDependencies = (
			);
			productName = UniTimeTrackerUITests;
			productReference = 0FC2BCE52DBC0DA100D21EA7 /* UniTimeTrackerUITests.xctest */;
			productType = "com.apple.product-type.bundle.ui-testing";
		};
/* End PBXNativeTarget section */

/* Begin PBXProject section */
		0FC2BCC22DBC0D9F00D21EA7 /* Project object */ = {
			isa = PBXProject;
			attributes = {
				BuildIndependentTargetsInParallel = 1;
				LastSwiftUpdateCheck = 1630;
				LastUpgradeCheck = 1630;
				TargetAttributes = {
					0FC2BCC92DBC0D9F00D21EA7 = {
						CreatedOnToolsVersion = 16.3;
					};
					0FC2BCDA2DBC0DA100D21EA7 = {
						CreatedOnToolsVersion = 16.3;
						TestTargetID = 0FC2BCC92DBC0D9F00D21EA7;
					};
					0FC2BCE42DBC0DA100D21EA7 = {
						CreatedOnToolsVersion = 16.3;
						TestTargetID = 0FC2BCC92DBC0D9F00D21EA7;
					};
				};
			};
			buildConfigurationList = 0FC2BCC52DBC0D9F00D21EA7 /* Build configuration list for PBXProject "UniTimeTracker" */;
			developmentRegion = en;
			hasScannedForEncodings = 0;
			knownRegions = (
				en,
				Base,
			);
			mainGroup = 0FC2BCC12DBC0D9F00D21EA7;
			minimizedProjectReferenceProxies = 1;
			preferredProjectObjectVersion = 77;
			productRefGroup = 0FC2BCCB2DBC0D9F00D21EA7 /* Products */;
			projectDirPath = "";
			projectRoot = "";
			targets = (
				0FC2BCC92DBC0D9F00D21EA7 /* UniTimeTracker */,
				0FC2BCDA2DBC0DA100D21EA7 /* UniTimeTrackerTests */,
				0FC2BCE42DBC0DA100D21EA7 /* UniTimeTrackerUITests */,
			);
		};
/* End PBXProject section */

/* Begin PBXResourcesBuildPhase section */
		0FC2BCC82DBC0D9F00D21EA7 /* Resources */ = {
			isa = PBXResourcesBuildPhase;
			buildActionMask = 2147483647;
			files = (
				0FC2BD1B2DBC299C00D21EA7 /* README.md in Resources */,
			);
			runOnlyForDeploymentPostprocessing = 0;
		};
		0FC2BCD92DBC0DA100D21EA7 /* Resources */ = {
			isa = PBXResourcesBuildPhase;
			buildActionMask = 2147483647;
			files = (
			);
			runOnlyForDeploymentPostprocessing = 0;
		};
		0FC2BCE32DBC0DA100D21EA7 /* Resources */ = {
			isa = PBXResourcesBuildPhase;
			buildActionMask = 2147483647;
			files = (
			);
			runOnlyForDeploymentPostprocessing = 0;
		};
/* End PBXResourcesBuildPhase section */

/* Begin PBXSourcesBuildPhase section */
		0FC2BCC62DBC0D9F00D21EA7 /* Sources */ = {
			isa = PBXSourcesBuildPhase;
			buildActionMask = 2147483647;
			files = (
			);
			runOnlyForDeploymentPostprocessing = 0;
		};
		0FC2BCD72DBC0DA100D21EA7 /* Sources */ = {
			isa = PBXSourcesBuildPhase;
			buildActionMask = 2147483647;
			files = (
			);
			runOnlyForDeploymentPostprocessing = 0;
		};
		0FC2BCE12DBC0DA100D21EA7 /* Sources */ = {
			isa = PBXSourcesBuildPhase;
			buildActionMask = 2147483647;
			files = (
			);
			runOnlyForDeploymentPostprocessing = 0;
		};
/* End PBXSourcesBuildPhase section */

/* Begin PBXTargetDependency section */
		0FC2BCDD2DBC0DA100D21EA7 /* PBXTargetDependency */ = {
			isa = PBXTargetDependency;
			target = 0FC2BCC92DBC0D9F00D21EA7 /* UniTimeTracker */;
			targetProxy = 0FC2BCDC2DBC0DA100D21EA7 /* PBXContainerItemProxy */;
		};
		0FC2BCE72DBC0DA100D21EA7 /* PBXTargetDependency */ = {
			isa = PBXTargetDependency;
			target = 0FC2BCC92DBC0D9F00D21EA7 /* UniTimeTracker */;
			targetProxy = 0FC2BCE62DBC0DA100D21EA7 /* PBXContainerItemProxy */;
		};
/* End PBXTargetDependency section */

/* Begin XCBuildConfiguration section */
		0FC2BCEF2DBC0DA100D21EA7 /* Debug */ = {
			isa = XCBuildConfiguration;
			buildSettings = {
				ASSETCATALOG_COMPILER_APPICON_NAME = AppIcon;
				ASSETCATALOG_COMPILER_GLOBAL_ACCENT_COLOR_NAME = AccentColor;
				CODE_SIGN_ENTITLEMENTS = UniTimeTracker/UniTimeTracker.entitlements;
				CODE_SIGN_IDENTITY = "Apple Development";
				CODE_SIGN_STYLE = Automatic;
				CURRENT_PROJECT_VERSION = 1;
				DEVELOPMENT_TEAM = QS7A56V63U;
				ENABLE_HARDENED_RUNTIME = YES;
				ENABLE_PREVIEWS = YES;
				GENERATE_INFOPLIST_FILE = YES;
				INFOPLIST_FILE = UniTimeTracker/Info.plist;
				"INFOPLIST_KEY_UIApplicationSceneManifest_Generation[sdk=iphoneos*]" = YES;
				"INFOPLIST_KEY_UIApplicationSceneManifest_Generation[sdk=iphonesimulator*]" = YES;
				"INFOPLIST_KEY_UIApplicationSupportsIndirectInputEvents[sdk=iphoneos*]" = YES;
				"INFOPLIST_KEY_UIApplicationSupportsIndirectInputEvents[sdk=iphonesimulator*]" = YES;
				"INFOPLIST_KEY_UILaunchScreen_Generation[sdk=iphoneos*]" = YES;
				"INFOPLIST_KEY_UILaunchScreen_Generation[sdk=iphonesimulator*]" = YES;
				"INFOPLIST_KEY_UIStatusBarStyle[sdk=iphoneos*]" = UIStatusBarStyleDefault;
				"INFOPLIST_KEY_UIStatusBarStyle[sdk=iphonesimulator*]" = UIStatusBarStyleDefault;
				INFOPLIST_KEY_UISupportedInterfaceOrientations_iPad = "UIInterfaceOrientationPortrait UIInterfaceOrientationPortraitUpsideDown UIInterfaceOrientationLandscapeLeft UIInterfaceOrientationLandscapeRight";
				INFOPLIST_KEY_UISupportedInterfaceOrientations_iPhone = "UIInterfaceOrientationPortrait UIInterfaceOrientationLandscapeLeft UIInterfaceOrientationLandscapeRight";
				IPHONEOS_DEPLOYMENT_TARGET = 18.4;
				LD_RUNPATH_SEARCH_PATHS = "@executable_path/Frameworks";
				"LD_RUNPATH_SEARCH_PATHS[sdk=macosx*]" = "@executable_path/../Frameworks";
				MACOSX_DEPLOYMENT_TARGET = 14.0;
				MARKETING_VERSION = 1.0;
				PRODUCT_BUNDLE_IDENTIFIER = Zafrul.UniTimeTracker;
				PRODUCT_NAME = "$(TARGET_NAME)";
				PROVISIONING_PROFILE_SPECIFIER = "";
				REGISTER_APP_GROUPS = YES;
				SDKROOT = auto;
				SUPPORTED_PLATFORMS = "iphoneos iphonesimulator";
				SUPPORTS_MACCATALYST = NO;
				SWIFT_EMIT_LOC_STRINGS = YES;
				SWIFT_VERSION = 5.0;
				TARGETED_DEVICE_FAMILY = "1,2";
				XROS_DEPLOYMENT_TARGET = 2.4;
			};
			name = Debug;
		};
		0FC2BCF02DBC0DA100D21EA7 /* Release */ = {
			isa = XCBuildConfiguration;
			buildSettings = {
				ASSETCATALOG_COMPILER_APPICON_NAME = AppIcon;
				ASSETCATALOG_COMPILER_GLOBAL_ACCENT_COLOR_NAME = AccentColor;
				CODE_SIGN_ENTITLEMENTS = UniTimeTracker/UniTimeTracker.entitlements;
				CODE_SIGN_IDENTITY = "Apple Development";
				CODE_SIGN_STYLE = Automatic;
				CURRENT_PROJECT_VERSION = 1;
				DEVELOPMENT_TEAM = QS7A56V63U;
				ENABLE_HARDENED_RUNTIME = YES;
				ENABLE_PREVIEWS = YES;
				GENERATE_INFOPLIST_FILE = YES;
				INFOPLIST_FILE = UniTimeTracker/Info.plist;
				"INFOPLIST_KEY_UIApplicationSceneManifest_Generation[sdk=iphoneos*]" = YES;
				"INFOPLIST_KEY_UIApplicationSceneManifest_Generation[sdk=iphonesimulator*]" = YES;
				"INFOPLIST_KEY_UIApplicationSupportsIndirectInputEvents[sdk=iphoneos*]" = YES;
				"INFOPLIST_KEY_UIApplicationSupportsIndirectInputEvents[sdk=iphonesimulator*]" = YES;
				"INFOPLIST_KEY_UILaunchScreen_Generation[sdk=iphoneos*]" = YES;
				"INFOPLIST_KEY_UILaunchScreen_Generation[sdk=iphonesimulator*]" = YES;
				"INFOPLIST_KEY_UIStatusBarStyle[sdk=iphoneos*]" = UIStatusBarStyleDefault;
				"INFOPLIST_KEY_UIStatusBarStyle[sdk=iphonesimulator*]" = UIStatusBarStyleDefault;
				INFOPLIST_KEY_UISupportedInterfaceOrientations_iPad = "UIInterfaceOrientationPortrait UIInterfaceOrientationPortraitUpsideDown UIInterfaceOrientationLandscapeLeft UIInterfaceOrientationLandscapeRight";
				INFOPLIST_KEY_UISupportedInterfaceOrientations_iPhone = "UIInterfaceOrientationPortrait UIInterfaceOrientationLandscapeLeft UIInterfaceOrientationLandscapeRight";
				IPHONEOS_DEPLOYMENT_TARGET = 18.4;
				LD_RUNPATH_SEARCH_PATHS = "@executable_path/Frameworks";
				"LD_RUNPATH_SEARCH_PATHS[sdk=macosx*]" = "@executable_path/../Frameworks";
				MACOSX_DEPLOYMENT_TARGET = 14.0;
				MARKETING_VERSION = 1.0;
				PRODUCT_BUNDLE_IDENTIFIER = Zafrul.UniTimeTracker;
				PRODUCT_NAME = "$(TARGET_NAME)";
				PROVISIONING_PROFILE_SPECIFIER = "";
				REGISTER_APP_GROUPS = YES;
				SDKROOT = auto;
				SUPPORTED_PLATFORMS = "iphoneos iphonesimulator";
				SUPPORTS_MACCATALYST = NO;
				SWIFT_EMIT_LOC_STRINGS = YES;
				SWIFT_VERSION = 5.0;
				TARGETED_DEVICE_FAMILY = "1,2";
				XROS_DEPLOYMENT_TARGET = 2.4;
			};
			name = Release;
		};
		0FC2BCF12DBC0DA100D21EA7 /* Debug */ = {
			isa = XCBuildConfiguration;
			buildSettings = {
				ALWAYS_SEARCH_USER_PATHS = NO;
				ASSETCATALOG_COMPILER_GENERATE_SWIFT_ASSET_SYMBOL_EXTENSIONS = YES;
				CLANG_ANALYZER_NONNULL = YES;
				CLANG_ANALYZER_NUMBER_OBJECT_CONVERSION = YES_AGGRESSIVE;
				CLANG_CXX_LANGUAGE_STANDARD = "gnu++20";
				CLANG_ENABLE_MODULES = YES;
				CLANG_ENABLE_OBJC_ARC = YES;
				CLANG_ENABLE_OBJC_WEAK = YES;
				CLANG_WARN_BLOCK_CAPTURE_AUTORELEASING = YES;
				CLANG_WARN_BOOL_CONVERSION = YES;
				CLANG_WARN_COMMA = YES;
				CLANG_WARN_CONSTANT_CONVERSION = YES;
				CLANG_WARN_DEPRECATED_OBJC_IMPLEMENTATIONS = YES;
				CLANG_WARN_DIRECT_OBJC_ISA_USAGE = YES_ERROR;
				CLANG_WARN_DOCUMENTATION_COMMENTS = YES;
				CLANG_WARN_EMPTY_BODY = YES;
				CLANG_WARN_ENUM_CONVERSION = YES;
				CLANG_WARN_INFINITE_RECURSION = YES;
				CLANG_WARN_INT_CONVERSION = YES;
				CLANG_WARN_NON_LITERAL_NULL_CONVERSION = YES;
				CLANG_WARN_OBJC_IMPLICIT_RETAIN_SELF = YES;
				CLANG_WARN_OBJC_LITERAL_CONVERSION = YES;
				CLANG_WARN_OBJC_ROOT_CLASS = YES_ERROR;
				CLANG_WARN_QUOTED_INCLUDE_IN_FRAMEWORK_HEADER = YES;
				CLANG_WARN_RANGE_LOOP_ANALYSIS = YES;
				CLANG_WARN_STRICT_PROTOTYPES = YES;
				CLANG_WARN_SUSPICIOUS_MOVE = YES;
				CLANG_WARN_UNGUARDED_AVAILABILITY = YES_AGGRESSIVE;
				CLANG_WARN_UNREACHABLE_CODE = YES;
				CLANG_WARN__DUPLICATE_METHOD_MATCH = YES;
				COPY_PHASE_STRIP = NO;
				DEBUG_INFORMATION_FORMAT = dwarf;
				DEVELOPMENT_TEAM = QS7A56V63U;
				ENABLE_STRICT_OBJC_MSGSEND = YES;
				ENABLE_TESTABILITY = YES;
				ENABLE_USER_SCRIPT_SANDBOXING = YES;
				GCC_C_LANGUAGE_STANDARD = gnu17;
				GCC_DYNAMIC_NO_PIC = NO;
				GCC_NO_COMMON_BLOCKS = YES;
				GCC_OPTIMIZATION_LEVEL = 0;
				GCC_PREPROCESSOR_DEFINITIONS = (
					"DEBUG=1",
					"$(inherited)",
				);
				GCC_WARN_64_TO_32_BIT_CONVERSION = YES;
				GCC_WARN_ABOUT_RETURN_TYPE = YES_ERROR;
				GCC_WARN_UNDECLARED_SELECTOR = YES;
				GCC_WARN_UNINITIALIZED_AUTOS = YES_AGGRESSIVE;
				GCC_WARN_UNUSED_FUNCTION = YES;
				GCC_WARN_UNUSED_VARIABLE = YES;
				LOCALIZATION_PREFERS_STRING_CATALOGS = YES;
				MTL_ENABLE_DEBUG_INFO = INCLUDE_SOURCE;
				MTL_FAST_MATH = YES;
				ONLY_ACTIVE_ARCH = YES;
				SWIFT_ACTIVE_COMPILATION_CONDITIONS = "DEBUG $(inherited)";
				SWIFT_OPTIMIZATION_LEVEL = "-Onone";
			};
			name = Debug;
		};
		0FC2BCF22DBC0DA100D21EA7 /* Release */ = {
			isa = XCBuildConfiguration;
			buildSettings = {
				ALWAYS_SEARCH_USER_PATHS = NO;
				ASSETCATALOG_COMPILER_GENERATE_SWIFT_ASSET_SYMBOL_EXTENSIONS = YES;
				CLANG_ANALYZER_NONNULL = YES;
				CLANG_ANALYZER_NUMBER_OBJECT_CONVERSION = YES_AGGRESSIVE;
				CLANG_CXX_LANGUAGE_STANDARD = "gnu++20";
				CLANG_ENABLE_MODULES = YES;
				CLANG_ENABLE_OBJC_ARC = YES;
				CLANG_ENABLE_OBJC_WEAK = YES;
				CLANG_WARN_BLOCK_CAPTURE_AUTORELEASING = YES;
				CLANG_WARN_BOOL_CONVERSION = YES;
				CLANG_WARN_COMMA = YES;
				CLANG_WARN_CONSTANT_CONVERSION = YES;
				CLANG_WARN_DEPRECATED_OBJC_IMPLEMENTATIONS = YES;
				CLANG_WARN_DIRECT_OBJC_ISA_USAGE = YES_ERROR;
				CLANG_WARN_DOCUMENTATION_COMMENTS = YES;
				CLANG_WARN_EMPTY_BODY = YES;
				CLANG_WARN_ENUM_CONVERSION = YES;
				CLANG_WARN_INFINITE_RECURSION = YES;
				CLANG_WARN_INT_CONVERSION = YES;
				CLANG_WARN_NON_LITERAL_NULL_CONVERSION = YES;
				CLANG_WARN_OBJC_IMPLICIT_RETAIN_SELF = YES;
				CLANG_WARN_OBJC_LITERAL_CONVERSION = YES;
				CLANG_WARN_OBJC_ROOT_CLASS = YES_ERROR;
				CLANG_WARN_QUOTED_INCLUDE_IN_FRAMEWORK_HEADER = YES;
				CLANG_WARN_RANGE_LOOP_ANALYSIS = YES;
				CLANG_WARN_STRICT_PROTOTYPES = YES;
				CLANG_WARN_SUSPICIOUS_MOVE = YES;
				CLANG_WARN_UNGUARDED_AVAILABILITY = YES_AGGRESSIVE;
				CLANG_WARN_UNREACHABLE_CODE = YES;
				CLANG_WARN__DUPLICATE_METHOD_MATCH = YES;
				COPY_PHASE_STRIP = NO;
				DEBUG_INFORMATION_FORMAT = "dwarf-with-dsym";
				DEVELOPMENT_TEAM = QS7A56V63U;
				ENABLE_NS_ASSERTIONS = NO;
				ENABLE_STRICT_OBJC_MSGSEND = YES;
				ENABLE_USER_SCRIPT_SANDBOXING = YES;
				GCC_C_LANGUAGE_STANDARD = gnu17;
				GCC_NO_COMMON_BLOCKS = YES;
				GCC_WARN_64_TO_32_BIT_CONVERSION = YES;
				GCC_WARN_ABOUT_RETURN_TYPE = YES_ERROR;
				GCC_WARN_UNDECLARED_SELECTOR = YES;
				GCC_WARN_UNINITIALIZED_AUTOS = YES_AGGRESSIVE;
				GCC_WARN_UNUSED_FUNCTION = YES;
				GCC_WARN_UNUSED_VARIABLE = YES;
				LOCALIZATION_PREFERS_STRING_CATALOGS = YES;
				MTL_ENABLE_DEBUG_INFO = NO;
				MTL_FAST_MATH = YES;
				SWIFT_COMPILATION_MODE = wholemodule;
			};
			name = Release;
		};
		0FC2BCF42DBC0DA100D21EA7 /* Debug */ = {
			isa = XCBuildConfiguration;
			buildSettings = {
				BUNDLE_LOADER = "$(TEST_HOST)";
				CODE_SIGN_STYLE = Automatic;
				CURRENT_PROJECT_VERSION = 1;
				DEVELOPMENT_TEAM = QS7A56V63U;
				GENERATE_INFOPLIST_FILE = YES;
				IPHONEOS_DEPLOYMENT_TARGET = 18.4;
				MACOSX_DEPLOYMENT_TARGET = 15.4;
				MARKETING_VERSION = 1.0;
				PRODUCT_BUNDLE_IDENTIFIER = Zafrul.UniTimeTrackerTests;
				PRODUCT_NAME = "$(TARGET_NAME)";
				SDKROOT = auto;
				SUPPORTED_PLATFORMS = "iphoneos iphonesimulator macosx xros xrsimulator";
				SWIFT_EMIT_LOC_STRINGS = NO;
				SWIFT_VERSION = 5.0;
				TARGETED_DEVICE_FAMILY = "1,2,7";
				TEST_HOST = "$(BUILT_PRODUCTS_DIR)/UniTimeTracker.app/$(BUNDLE_EXECUTABLE_FOLDER_PATH)/UniTimeTracker";
				XROS_DEPLOYMENT_TARGET = 2.4;
			};
			name = Debug;
		};
		0FC2BCF52DBC0DA100D21EA7 /* Release */ = {
			isa = XCBuildConfiguration;
			buildSettings = {
				BUNDLE_LOADER = "$(TEST_HOST)";
				CODE_SIGN_STYLE = Automatic;
				CURRENT_PROJECT_VERSION = 1;
				DEVELOPMENT_TEAM = QS7A56V63U;
				GENERATE_INFOPLIST_FILE = YES;
				IPHONEOS_DEPLOYMENT_TARGET = 18.4;
				MACOSX_DEPLOYMENT_TARGET = 15.4;
				MARKETING_VERSION = 1.0;
				PRODUCT_BUNDLE_IDENTIFIER = Zafrul.UniTimeTrackerTests;
				PRODUCT_NAME = "$(TARGET_NAME)";
				SDKROOT = auto;
				SUPPORTED_PLATFORMS = "iphoneos iphonesimulator macosx xros xrsimulator";
				SWIFT_EMIT_LOC_STRINGS = NO;
				SWIFT_VERSION = 5.0;
				TARGETED_DEVICE_FAMILY = "1,2,7";
				TEST_HOST = "$(BUILT_PRODUCTS_DIR)/UniTimeTracker.app/$(BUNDLE_EXECUTABLE_FOLDER_PATH)/UniTimeTracker";
				XROS_DEPLOYMENT_TARGET = 2.4;
			};
			name = Release;
		};
		0FC2BCF72DBC0DA100D21EA7 /* Debug */ = {
			isa = XCBuildConfiguration;
			buildSettings = {
				CODE_SIGN_STYLE = Automatic;
				CURRENT_PROJECT_VERSION = 1;
				DEVELOPMENT_TEAM = QS7A56V63U;
				GENERATE_INFOPLIST_FILE = YES;
				IPHONEOS_DEPLOYMENT_TARGET = 18.4;
				MACOSX_DEPLOYMENT_TARGET = 15.4;
				MARKETING_VERSION = 1.0;
				PRODUCT_BUNDLE_IDENTIFIER = Zafrul.UniTimeTrackerUITests;
				PRODUCT_NAME = "$(TARGET_NAME)";
				SDKROOT = auto;
				SUPPORTED_PLATFORMS = "iphoneos iphonesimulator macosx xros xrsimulator";
				SWIFT_EMIT_LOC_STRINGS = NO;
				SWIFT_VERSION = 5.0;
				TARGETED_DEVICE_FAMILY = "1,2,7";
				TEST_TARGET_NAME = UniTimeTracker;
				XROS_DEPLOYMENT_TARGET = 2.4;
			};
			name = Debug;
		};
		0FC2BCF82DBC0DA100D21EA7 /* Release */ = {
			isa = XCBuildConfiguration;
			buildSettings = {
				CODE_SIGN_STYLE = Automatic;
				CURRENT_PROJECT_VERSION = 1;
				DEVELOPMENT_TEAM = QS7A56V63U;
				GENERATE_INFOPLIST_FILE = YES;
				IPHONEOS_DEPLOYMENT_TARGET = 18.4;
				MACOSX_DEPLOYMENT_TARGET = 15.4;
				MARKETING_VERSION = 1.0;
				PRODUCT_BUNDLE_IDENTIFIER = Zafrul.UniTimeTrackerUITests;
				PRODUCT_NAME = "$(TARGET_NAME)";
				SDKROOT = auto;
				SUPPORTED_PLATFORMS = "iphoneos iphonesimulator macosx xros xrsimulator";
				SWIFT_EMIT_LOC_STRINGS = NO;
				SWIFT_VERSION = 5.0;
				TARGETED_DEVICE_FAMILY = "1,2,7";
				TEST_TARGET_NAME = UniTimeTracker;
				XROS_DEPLOYMENT_TARGET = 2.4;
			};
			name = Release;
		};
/* End XCBuildConfiguration section */

/* Begin XCConfigurationList section */
		0FC2BCC52DBC0D9F00D21EA7 /* Build configuration list for PBXProject "UniTimeTracker" */ = {
			isa = XCConfigurationList;
			buildConfigurations = (
				0FC2BCF12DBC0DA100D21EA7 /* Debug */,
				0FC2BCF22DBC0DA100D21EA7 /* Release */,
			);
			defaultConfigurationIsVisible = 0;
			defaultConfigurationName = Release;
		};
		0FC2BCEE2DBC0DA100D21EA7 /* Build configuration list for PBXNativeTarget "UniTimeTracker" */ = {
			isa = XCConfigurationList;
			buildConfigurations = (
				0FC2BCEF2DBC0DA100D21EA7 /* Debug */,
				0FC2BCF02DBC0DA100D21EA7 /* Release */,
			);
			defaultConfigurationIsVisible = 0;
			defaultConfigurationName = Release;
		};
		0FC2BCF32DBC0DA100D21EA7 /* Build configuration list for PBXNativeTarget "UniTimeTrackerTests" */ = {
			isa = XCConfigurationList;
			buildConfigurations = (
				0FC2BCF42DBC0DA100D21EA7 /* Debug */,
				0FC2BCF52DBC0DA100D21EA7 /* Release */,
			);
			defaultConfigurationIsVisible = 0;
			defaultConfigurationName = Release;
		};
		0FC2BCF62DBC0DA100D21EA7 /* Build configuration list for PBXNativeTarget "UniTimeTrackerUITests" */ = {
			isa = XCConfigurationList;
			buildConfigurations = (
				0FC2BCF72DBC0DA100D21EA7 /* Debug */,
				0FC2BCF82DBC0DA100D21EA7 /* Release */,
			);
			defaultConfigurationIsVisible = 0;
			defaultConfigurationName = Release;
		};
/* End XCConfigurationList section */
	};
	rootObject = 0FC2BCC22DBC0D9F00D21EA7 /* Project object */;
}
